// !$*UTF8*$!
{
	archiveVersion = 1;
	classes = {
	};
	objectVersion = 51;
	objects = {

/* Begin PBXBuildFile section */
		2B67E0C225DC96F600CF8189 /* MovieDetailsViewController.swift in Sources */ = {isa = PBXBuildFile; fileRef = 2B67E0C125DC96F600CF8189 /* MovieDetailsViewController.swift */; };
		2B8BDCF425DEEEB2002D76AD /* MovieGridViewController.swift in Sources */ = {isa = PBXBuildFile; fileRef = 2B8BDCF325DEEEB2002D76AD /* MovieGridViewController.swift */; };
		2B8BDCF925DEF214002D76AD /* MovieGridCell.swift in Sources */ = {isa = PBXBuildFile; fileRef = 2B8BDCF825DEF214002D76AD /* MovieGridCell.swift */; };
		2BF3C2EE25D44F030092570C /* AppDelegate.swift in Sources */ = {isa = PBXBuildFile; fileRef = 2BF3C2ED25D44F030092570C /* AppDelegate.swift */; };
		2BF3C2F025D44F030092570C /* SceneDelegate.swift in Sources */ = {isa = PBXBuildFile; fileRef = 2BF3C2EF25D44F030092570C /* SceneDelegate.swift */; };
		2BF3C2F525D44F030092570C /* Main.storyboard in Resources */ = {isa = PBXBuildFile; fileRef = 2BF3C2F325D44F030092570C /* Main.storyboard */; };
		2BF3C2F725D44F040092570C /* Assets.xcassets in Resources */ = {isa = PBXBuildFile; fileRef = 2BF3C2F625D44F040092570C /* Assets.xcassets */; };
		2BF3C2FA25D44F040092570C /* LaunchScreen.storyboard in Resources */ = {isa = PBXBuildFile; fileRef = 2BF3C2F825D44F040092570C /* LaunchScreen.storyboard */; };
		2BF3C30525D44F040092570C /* FlixTests.swift in Sources */ = {isa = PBXBuildFile; fileRef = 2BF3C30425D44F040092570C /* FlixTests.swift */; };
		2BF3C31025D44F040092570C /* FlixUITests.swift in Sources */ = {isa = PBXBuildFile; fileRef = 2BF3C30F25D44F040092570C /* FlixUITests.swift */; };
		2BF3C33225D453F20092570C /* FlixViewController.swift in Sources */ = {isa = PBXBuildFile; fileRef = 2BF3C33125D453F20092570C /* FlixViewController.swift */; };
		2BF3C34225D571380092570C /* MovieCell.swift in Sources */ = {isa = PBXBuildFile; fileRef = 2BF3C34125D571380092570C /* MovieCell.swift */; };
		792A3DAA49BCFB834CDE9A6A /* Pods_Flix_FlixUITests.framework in Frameworks */ = {isa = PBXBuildFile; fileRef = 7EAAE661AA3F9ED8EE2207CB /* Pods_Flix_FlixUITests.framework */; };
		847A8228F738A36073899AE6 /* Pods_FlixTests.framework in Frameworks */ = {isa = PBXBuildFile; fileRef = 515B63BCA763107433694AB7 /* Pods_FlixTests.framework */; };
		B425C6232C29CB1E0E21C1C3 /* Pods_Flix.framework in Frameworks */ = {isa = PBXBuildFile; fileRef = E4504D20F4FDCAF7F433BF30 /* Pods_Flix.framework */; };
/* End PBXBuildFile section */

/* Begin PBXContainerItemProxy section */
		2BF3C30125D44F040092570C /* PBXContainerItemProxy */ = {
			isa = PBXContainerItemProxy;
			containerPortal = 2BF3C2E225D44F030092570C /* Project object */;
			proxyType = 1;
			remoteGlobalIDString = 2BF3C2E925D44F030092570C;
			remoteInfo = Flix;
		};
		2BF3C30C25D44F040092570C /* PBXContainerItemProxy */ = {
			isa = PBXContainerItemProxy;
			containerPortal = 2BF3C2E225D44F030092570C /* Project object */;
			proxyType = 1;
			remoteGlobalIDString = 2BF3C2E925D44F030092570C;
			remoteInfo = Flix;
		};
/* End PBXContainerItemProxy section */

/* Begin PBXFileReference section */
		13E1A71B043AD42368877B59 /* Pods-Flix.release.xcconfig */ = {isa = PBXFileReference; includeInIndex = 1; lastKnownFileType = text.xcconfig; name = "Pods-Flix.release.xcconfig"; path = "Target Support Files/Pods-Flix/Pods-Flix.release.xcconfig"; sourceTree = "<group>"; };
		2B67E0C125DC96F600CF8189 /* MovieDetailsViewController.swift */ = {isa = PBXFileReference; lastKnownFileType = sourcecode.swift; path = MovieDetailsViewController.swift; sourceTree = "<group>"; };
		2B8BDCF325DEEEB2002D76AD /* MovieGridViewController.swift */ = {isa = PBXFileReference; lastKnownFileType = sourcecode.swift; path = MovieGridViewController.swift; sourceTree = "<group>"; };
		2B8BDCF825DEF214002D76AD /* MovieGridCell.swift */ = {isa = PBXFileReference; lastKnownFileType = sourcecode.swift; path = MovieGridCell.swift; sourceTree = "<group>"; };
		2BF3C2EA25D44F030092570C /* Flix.app */ = {isa = PBXFileReference; explicitFileType = wrapper.application; includeInIndex = 0; path = Flix.app; sourceTree = BUILT_PRODUCTS_DIR; };
		2BF3C2ED25D44F030092570C /* AppDelegate.swift */ = {isa = PBXFileReference; lastKnownFileType = sourcecode.swift; path = AppDelegate.swift; sourceTree = "<group>"; };
		2BF3C2EF25D44F030092570C /* SceneDelegate.swift */ = {isa = PBXFileReference; lastKnownFileType = sourcecode.swift; path = SceneDelegate.swift; sourceTree = "<group>"; };
		2BF3C2F425D44F030092570C /* Base */ = {isa = PBXFileReference; lastKnownFileType = file.storyboard; name = Base; path = Base.lproj/Main.storyboard; sourceTree = "<group>"; };
		2BF3C2F625D44F040092570C /* Assets.xcassets */ = {isa = PBXFileReference; lastKnownFileType = folder.assetcatalog; path = Assets.xcassets; sourceTree = "<group>"; };
		2BF3C2F925D44F040092570C /* Base */ = {isa = PBXFileReference; lastKnownFileType = file.storyboard; name = Base; path = Base.lproj/LaunchScreen.storyboard; sourceTree = "<group>"; };
		2BF3C2FB25D44F040092570C /* Info.plist */ = {isa = PBXFileReference; lastKnownFileType = text.plist.xml; path = Info.plist; sourceTree = "<group>"; };
		2BF3C30025D44F040092570C /* FlixTests.xctest */ = {isa = PBXFileReference; explicitFileType = wrapper.cfbundle; includeInIndex = 0; path = FlixTests.xctest; sourceTree = BUILT_PRODUCTS_DIR; };
		2BF3C30425D44F040092570C /* FlixTests.swift */ = {isa = PBXFileReference; lastKnownFileType = sourcecode.swift; path = FlixTests.swift; sourceTree = "<group>"; };
		2BF3C30625D44F040092570C /* Info.plist */ = {isa = PBXFileReference; lastKnownFileType = text.plist.xml; path = Info.plist; sourceTree = "<group>"; };
		2BF3C30B25D44F040092570C /* FlixUITests.xctest */ = {isa = PBXFileReference; explicitFileType = wrapper.cfbundle; includeInIndex = 0; path = FlixUITests.xctest; sourceTree = BUILT_PRODUCTS_DIR; };
		2BF3C30F25D44F040092570C /* FlixUITests.swift */ = {isa = PBXFileReference; lastKnownFileType = sourcecode.swift; path = FlixUITests.swift; sourceTree = "<group>"; };
		2BF3C31125D44F040092570C /* Info.plist */ = {isa = PBXFileReference; lastKnownFileType = text.plist.xml; path = Info.plist; sourceTree = "<group>"; };
		2BF3C33125D453F20092570C /* FlixViewController.swift */ = {isa = PBXFileReference; lastKnownFileType = sourcecode.swift; path = FlixViewController.swift; sourceTree = "<group>"; };
		2BF3C34125D571380092570C /* MovieCell.swift */ = {isa = PBXFileReference; lastKnownFileType = sourcecode.swift; path = MovieCell.swift; sourceTree = "<group>"; };
		2EC97A2CBF74E563FAC29ADA /* Pods-FlixTests.release.xcconfig */ = {isa = PBXFileReference; includeInIndex = 1; lastKnownFileType = text.xcconfig; name = "Pods-FlixTests.release.xcconfig"; path = "Target Support Files/Pods-FlixTests/Pods-FlixTests.release.xcconfig"; sourceTree = "<group>"; };
		48E188F1BA5D1F7642D4E8AD /* Pods-Flix-FlixUITests.release.xcconfig */ = {isa = PBXFileReference; includeInIndex = 1; lastKnownFileType = text.xcconfig; name = "Pods-Flix-FlixUITests.release.xcconfig"; path = "Target Support Files/Pods-Flix-FlixUITests/Pods-Flix-FlixUITests.release.xcconfig"; sourceTree = "<group>"; };
		515B63BCA763107433694AB7 /* Pods_FlixTests.framework */ = {isa = PBXFileReference; explicitFileType = wrapper.framework; includeInIndex = 0; path = Pods_FlixTests.framework; sourceTree = BUILT_PRODUCTS_DIR; };
		5A74E3AF3641055512D89D0A /* Pods-FlixTests.debug.xcconfig */ = {isa = PBXFileReference; includeInIndex = 1; lastKnownFileType = text.xcconfig; name = "Pods-FlixTests.debug.xcconfig"; path = "Target Support Files/Pods-FlixTests/Pods-FlixTests.debug.xcconfig"; sourceTree = "<group>"; };
		7EAAE661AA3F9ED8EE2207CB /* Pods_Flix_FlixUITests.framework */ = {isa = PBXFileReference; explicitFileType = wrapper.framework; includeInIndex = 0; path = Pods_Flix_FlixUITests.framework; sourceTree = BUILT_PRODUCTS_DIR; };
		989AFB46429EAF6E79456235 /* Pods-Flix-FlixUITests.debug.xcconfig */ = {isa = PBXFileReference; includeInIndex = 1; lastKnownFileType = text.xcconfig; name = "Pods-Flix-FlixUITests.debug.xcconfig"; path = "Target Support Files/Pods-Flix-FlixUITests/Pods-Flix-FlixUITests.debug.xcconfig"; sourceTree = "<group>"; };
		A34A6FC58ED6BEC6D52573BA /* Pods-Flix.debug.xcconfig */ = {isa = PBXFileReference; includeInIndex = 1; lastKnownFileType = text.xcconfig; name = "Pods-Flix.debug.xcconfig"; path = "Target Support Files/Pods-Flix/Pods-Flix.debug.xcconfig"; sourceTree = "<group>"; };
		E4504D20F4FDCAF7F433BF30 /* Pods_Flix.framework */ = {isa = PBXFileReference; explicitFileType = wrapper.framework; includeInIndex = 0; path = Pods_Flix.framework; sourceTree = BUILT_PRODUCTS_DIR; };
/* End PBXFileReference section */

/* Begin PBXFrameworksBuildPhase section */
		2BF3C2E725D44F030092570C /* Frameworks */ = {
			isa = PBXFrameworksBuildPhase;
			buildActionMask = 2147483647;
			files = (
				B425C6232C29CB1E0E21C1C3 /* Pods_Flix.framework in Frameworks */,
			);
			runOnlyForDeploymentPostprocessing = 0;
		};
		2BF3C2FD25D44F040092570C /* Frameworks */ = {
			isa = PBXFrameworksBuildPhase;
			buildActionMask = 2147483647;
			files = (
				847A8228F738A36073899AE6 /* Pods_FlixTests.framework in Frameworks */,
			);
			runOnlyForDeploymentPostprocessing = 0;
		};
		2BF3C30825D44F040092570C /* Frameworks */ = {
			isa = PBXFrameworksBuildPhase;
			buildActionMask = 2147483647;
			files = (
				792A3DAA49BCFB834CDE9A6A /* Pods_Flix_FlixUITests.framework in Frameworks */,
			);
			runOnlyForDeploymentPostprocessing = 0;
		};
/* End PBXFrameworksBuildPhase section */

/* Begin PBXGroup section */
		2BF3C2E125D44F030092570C = {
			isa = PBXGroup;
			children = (
				2BF3C2EC25D44F030092570C /* Flix */,
				2BF3C30325D44F040092570C /* FlixTests */,
				2BF3C30E25D44F040092570C /* FlixUITests */,
				2BF3C2EB25D44F030092570C /* Products */,
				8E084B9CBB52FC9605521E1D /* Pods */,
				54322900C4E6C7F2737B6230 /* Frameworks */,
			);
			sourceTree = "<group>";
		};
		2BF3C2EB25D44F030092570C /* Products */ = {
			isa = PBXGroup;
			children = (
				2BF3C2EA25D44F030092570C /* Flix.app */,
				2BF3C30025D44F040092570C /* FlixTests.xctest */,
				2BF3C30B25D44F040092570C /* FlixUITests.xctest */,
			);
			name = Products;
			sourceTree = "<group>";
		};
		2BF3C2EC25D44F030092570C /* Flix */ = {
			isa = PBXGroup;
			children = (
				2BF3C2ED25D44F030092570C /* AppDelegate.swift */,
				2BF3C2EF25D44F030092570C /* SceneDelegate.swift */,
				2BF3C2F325D44F030092570C /* Main.storyboard */,
				2BF3C2F625D44F040092570C /* Assets.xcassets */,
				2BF3C2F825D44F040092570C /* LaunchScreen.storyboard */,
				2BF3C2FB25D44F040092570C /* Info.plist */,
				2BF3C33125D453F20092570C /* FlixViewController.swift */,
				2BF3C34125D571380092570C /* MovieCell.swift */,
				2B67E0C125DC96F600CF8189 /* MovieDetailsViewController.swift */,
				2B8BDCF325DEEEB2002D76AD /* MovieGridViewController.swift */,
				2B8BDCF825DEF214002D76AD /* MovieGridCell.swift */,
			);
			path = Flix;
			sourceTree = "<group>";
		};
		2BF3C30325D44F040092570C /* FlixTests */ = {
			isa = PBXGroup;
			children = (
				2BF3C30425D44F040092570C /* FlixTests.swift */,
				2BF3C30625D44F040092570C /* Info.plist */,
			);
			path = FlixTests;
			sourceTree = "<group>";
		};
		2BF3C30E25D44F040092570C /* FlixUITests */ = {
			isa = PBXGroup;
			children = (
				2BF3C30F25D44F040092570C /* FlixUITests.swift */,
				2BF3C31125D44F040092570C /* Info.plist */,
			);
			path = FlixUITests;
			sourceTree = "<group>";
		};
		54322900C4E6C7F2737B6230 /* Frameworks */ = {
			isa = PBXGroup;
			children = (
				E4504D20F4FDCAF7F433BF30 /* Pods_Flix.framework */,
				7EAAE661AA3F9ED8EE2207CB /* Pods_Flix_FlixUITests.framework */,
				515B63BCA763107433694AB7 /* Pods_FlixTests.framework */,
			);
			name = Frameworks;
			sourceTree = "<group>";
		};
		8E084B9CBB52FC9605521E1D /* Pods */ = {
			isa = PBXGroup;
			children = (
				A34A6FC58ED6BEC6D52573BA /* Pods-Flix.debug.xcconfig */,
				13E1A71B043AD42368877B59 /* Pods-Flix.release.xcconfig */,
				989AFB46429EAF6E79456235 /* Pods-Flix-FlixUITests.debug.xcconfig */,
				48E188F1BA5D1F7642D4E8AD /* Pods-Flix-FlixUITests.release.xcconfig */,
				5A74E3AF3641055512D89D0A /* Pods-FlixTests.debug.xcconfig */,
				2EC97A2CBF74E563FAC29ADA /* Pods-FlixTests.release.xcconfig */,
			);
			path = Pods;
			sourceTree = "<group>";
		};
/* End PBXGroup section */

/* Begin PBXNativeTarget section */
		2BF3C2E925D44F030092570C /* Flix */ = {
			isa = PBXNativeTarget;
			buildConfigurationList = 2BF3C31425D44F040092570C /* Build configuration list for PBXNativeTarget "Flix" */;
			buildPhases = (
				1D42B949BC5E302D1F156444 /* [CP] Check Pods Manifest.lock */,
				2BF3C2E625D44F030092570C /* Sources */,
				2BF3C2E725D44F030092570C /* Frameworks */,
				2BF3C2E825D44F030092570C /* Resources */,
				67CD1BC57DEDFF4ECFA783A0 /* [CP] Embed Pods Frameworks */,
			);
			buildRules = (
			);
			dependencies = (
			);
			name = Flix;
			productName = Flix;
			productReference = 2BF3C2EA25D44F030092570C /* Flix.app */;
			productType = "com.apple.product-type.application";
		};
		2BF3C2FF25D44F040092570C /* FlixTests */ = {
			isa = PBXNativeTarget;
			buildConfigurationList = 2BF3C31725D44F040092570C /* Build configuration list for PBXNativeTarget "FlixTests" */;
			buildPhases = (
				BC5D8A49059EF6E9C2BF41E1 /* [CP] Check Pods Manifest.lock */,
				2BF3C2FC25D44F040092570C /* Sources */,
				2BF3C2FD25D44F040092570C /* Frameworks */,
				2BF3C2FE25D44F040092570C /* Resources */,
			);
			buildRules = (
			);
			dependencies = (
				2BF3C30225D44F040092570C /* PBXTargetDependency */,
			);
			name = FlixTests;
			productName = FlixTests;
			productReference = 2BF3C30025D44F040092570C /* FlixTests.xctest */;
			productType = "com.apple.product-type.bundle.unit-test";
		};
		2BF3C30A25D44F040092570C /* FlixUITests */ = {
			isa = PBXNativeTarget;
			buildConfigurationList = 2BF3C31A25D44F040092570C /* Build configuration list for PBXNativeTarget "FlixUITests" */;
			buildPhases = (
				61749287618DB2095573E37D /* [CP] Check Pods Manifest.lock */,
				2BF3C30725D44F040092570C /* Sources */,
				2BF3C30825D44F040092570C /* Frameworks */,
				2BF3C30925D44F040092570C /* Resources */,
				3E8406E1CCF1AE927114C40D /* [CP] Embed Pods Frameworks */,
			);
			buildRules = (
			);
			dependencies = (
				2BF3C30D25D44F040092570C /* PBXTargetDependency */,
			);
			name = FlixUITests;
			productName = FlixUITests;
			productReference = 2BF3C30B25D44F040092570C /* FlixUITests.xctest */;
			productType = "com.apple.product-type.bundle.ui-testing";
		};
/* End PBXNativeTarget section */

/* Begin PBXProject section */
		2BF3C2E225D44F030092570C /* Project object */ = {
			isa = PBXProject;
			attributes = {
				LastSwiftUpdateCheck = 1240;
				LastUpgradeCheck = 1240;
				TargetAttributes = {
					2BF3C2E925D44F030092570C = {
						CreatedOnToolsVersion = 12.4;
					};
					2BF3C2FF25D44F040092570C = {
						CreatedOnToolsVersion = 12.4;
						TestTargetID = 2BF3C2E925D44F030092570C;
					};
					2BF3C30A25D44F040092570C = {
						CreatedOnToolsVersion = 12.4;
						TestTargetID = 2BF3C2E925D44F030092570C;
					};
				};
			};
			buildConfigurationList = 2BF3C2E525D44F030092570C /* Build configuration list for PBXProject "Flix" */;
			compatibilityVersion = "Xcode 9.3";
			developmentRegion = en;
			hasScannedForEncodings = 0;
			knownRegions = (
				en,
				Base,
			);
			mainGroup = 2BF3C2E125D44F030092570C;
			productRefGroup = 2BF3C2EB25D44F030092570C /* Products */;
			projectDirPath = "";
			projectRoot = "";
			targets = (
				2BF3C2E925D44F030092570C /* Flix */,
				2BF3C2FF25D44F040092570C /* FlixTests */,
				2BF3C30A25D44F040092570C /* FlixUITests */,
			);
		};
/* End PBXProject section */

/* Begin PBXResourcesBuildPhase section */
		2BF3C2E825D44F030092570C /* Resources */ = {
			isa = PBXResourcesBuildPhase;
			buildActionMask = 2147483647;
			files = (
				2BF3C2FA25D44F040092570C /* LaunchScreen.storyboard in Resources */,
				2BF3C2F725D44F040092570C /* Assets.xcassets in Resources */,
				2BF3C2F525D44F030092570C /* Main.storyboard in Resources */,
			);
			runOnlyForDeploymentPostprocessing = 0;
		};
		2BF3C2FE25D44F040092570C /* Resources */ = {
			isa = PBXResourcesBuildPhase;
			buildActionMask = 2147483647;
			files = (
			);
			runOnlyForDeploymentPostprocessing = 0;
		};
		2BF3C30925D44F040092570C /* Resources */ = {
			isa = PBXResourcesBuildPhase;
			buildActionMask = 2147483647;
			files = (
			);
			runOnlyForDeploymentPostprocessing = 0;
		};
/* End PBXResourcesBuildPhase section */

/* Begin PBXShellScriptBuildPhase section */
		1D42B949BC5E302D1F156444 /* [CP] Check Pods Manifest.lock */ = {
			isa = PBXShellScriptBuildPhase;
			buildActionMask = 2147483647;
			files = (
			);
			inputFileListPaths = (
			);
			inputPaths = (
				"${PODS_PODFILE_DIR_PATH}/Podfile.lock",
				"${PODS_ROOT}/Manifest.lock",
			);
			name = "[CP] Check Pods Manifest.lock";
			outputFileListPaths = (
			);
			outputPaths = (
				"$(DERIVED_FILE_DIR)/Pods-Flix-checkManifestLockResult.txt",
			);
			runOnlyForDeploymentPostprocessing = 0;
			shellPath = /bin/sh;
			shellScript = "diff \"${PODS_PODFILE_DIR_PATH}/Podfile.lock\" \"${PODS_ROOT}/Manifest.lock\" > /dev/null\nif [ $? != 0 ] ; then\n    # print error to STDERR\n    echo \"error: The sandbox is not in sync with the Podfile.lock. Run 'pod install' or update your CocoaPods installation.\" >&2\n    exit 1\nfi\n# This output is used by Xcode 'outputs' to avoid re-running this script phase.\necho \"SUCCESS\" > \"${SCRIPT_OUTPUT_FILE_0}\"\n";
			showEnvVarsInLog = 0;
		};
		3E8406E1CCF1AE927114C40D /* [CP] Embed Pods Frameworks */ = {
			isa = PBXShellScriptBuildPhase;
			buildActionMask = 2147483647;
			files = (
			);
			inputFileListPaths = (
				"${PODS_ROOT}/Target Support Files/Pods-Flix-FlixUITests/Pods-Flix-FlixUITests-frameworks-${CONFIGURATION}-input-files.xcfilelist",
			);
			name = "[CP] Embed Pods Frameworks";
			outputFileListPaths = (
				"${PODS_ROOT}/Target Support Files/Pods-Flix-FlixUITests/Pods-Flix-FlixUITests-frameworks-${CONFIGURATION}-output-files.xcfilelist",
			);
			runOnlyForDeploymentPostprocessing = 0;
			shellPath = /bin/sh;
			shellScript = "\"${PODS_ROOT}/Target Support Files/Pods-Flix-FlixUITests/Pods-Flix-FlixUITests-frameworks.sh\"\n";
			showEnvVarsInLog = 0;
		};
		61749287618DB2095573E37D /* [CP] Check Pods Manifest.lock */ = {
			isa = PBXShellScriptBuildPhase;
			buildActionMask = 2147483647;
			files = (
			);
			inputFileListPaths = (
			);
			inputPaths = (
				"${PODS_PODFILE_DIR_PATH}/Podfile.lock",
				"${PODS_ROOT}/Manifest.lock",
			);
			name = "[CP] Check Pods Manifest.lock";
			outputFileListPaths = (
			);
			outputPaths = (
				"$(DERIVED_FILE_DIR)/Pods-Flix-FlixUITests-checkManifestLockResult.txt",
			);
			runOnlyForDeploymentPostprocessing = 0;
			shellPath = /bin/sh;
			shellScript = "diff \"${PODS_PODFILE_DIR_PATH}/Podfile.lock\" \"${PODS_ROOT}/Manifest.lock\" > /dev/null\nif [ $? != 0 ] ; then\n    # print error to STDERR\n    echo \"error: The sandbox is not in sync with the Podfile.lock. Run 'pod install' or update your CocoaPods installation.\" >&2\n    exit 1\nfi\n# This output is used by Xcode 'outputs' to avoid re-running this script phase.\necho \"SUCCESS\" > \"${SCRIPT_OUTPUT_FILE_0}\"\n";
			showEnvVarsInLog = 0;
		};
		67CD1BC57DEDFF4ECFA783A0 /* [CP] Embed Pods Frameworks */ = {
			isa = PBXShellScriptBuildPhase;
			buildActionMask = 2147483647;
			files = (
			);
			inputFileListPaths = (
				"${PODS_ROOT}/Target Support Files/Pods-Flix/Pods-Flix-frameworks-${CONFIGURATION}-input-files.xcfilelist",
			);
			name = "[CP] Embed Pods Frameworks";
			outputFileListPaths = (
				"${PODS_ROOT}/Target Support Files/Pods-Flix/Pods-Flix-frameworks-${CONFIGURATION}-output-files.xcfilelist",
			);
			runOnlyForDeploymentPostprocessing = 0;
			shellPath = /bin/sh;
			shellScript = "\"${PODS_ROOT}/Target Support Files/Pods-Flix/Pods-Flix-frameworks.sh\"\n";
			showEnvVarsInLog = 0;
		};
		BC5D8A49059EF6E9C2BF41E1 /* [CP] Check Pods Manifest.lock */ = {
			isa = PBXShellScriptBuildPhase;
			buildActionMask = 2147483647;
			files = (
			);
			inputFileListPaths = (
			);
			inputPaths = (
				"${PODS_PODFILE_DIR_PATH}/Podfile.lock",
				"${PODS_ROOT}/Manifest.lock",
			);
			name = "[CP] Check Pods Manifest.lock";
			outputFileListPaths = (
			);
			outputPaths = (
				"$(DERIVED_FILE_DIR)/Pods-FlixTests-checkManifestLockResult.txt",
			);
			runOnlyForDeploymentPostprocessing = 0;
			shellPath = /bin/sh;
			shellScript = "diff \"${PODS_PODFILE_DIR_PATH}/Podfile.lock\" \"${PODS_ROOT}/Manifest.lock\" > /dev/null\nif [ $? != 0 ] ; then\n    # print error to STDERR\n    echo \"error: The sandbox is not in sync with the Podfile.lock. Run 'pod install' or update your CocoaPods installation.\" >&2\n    exit 1\nfi\n# This output is used by Xcode 'outputs' to avoid re-running this script phase.\necho \"SUCCESS\" > \"${SCRIPT_OUTPUT_FILE_0}\"\n";
			showEnvVarsInLog = 0;
		};
/* End PBXShellScriptBuildPhase section */

/* Begin PBXSourcesBuildPhase section */
		2BF3C2E625D44F030092570C /* Sources */ = {
			isa = PBXSourcesBuildPhase;
			buildActionMask = 2147483647;
			files = (
				2B67E0C225DC96F600CF8189 /* MovieDetailsViewController.swift in Sources */,
				2BF3C2EE25D44F030092570C /* AppDelegate.swift in Sources */,
				2BF3C33225D453F20092570C /* FlixViewController.swift in Sources */,
				2BF3C34225D571380092570C /* MovieCell.swift in Sources */,
				2BF3C2F025D44F030092570C /* SceneDelegate.swift in Sources */,
				2B8BDCF425DEEEB2002D76AD /* MovieGridViewController.swift in Sources */,
				2B8BDCF925DEF214002D76AD /* MovieGridCell.swift in Sources */,
			);
			runOnlyForDeploymentPostprocessing = 0;
		};
		2BF3C2FC25D44F040092570C /* Sources */ = {
			isa = PBXSourcesBuildPhase;
			buildActionMask = 2147483647;
			files = (
				2BF3C30525D44F040092570C /* FlixTests.swift in Sources */,
			);
			runOnlyForDeploymentPostprocessing = 0;
		};
		2BF3C30725D44F040092570C /* Sources */ = {
			isa = PBXSourcesBuildPhase;
			buildActionMask = 2147483647;
			files = (
				2BF3C31025D44F040092570C /* FlixUITests.swift in Sources */,
			);
			runOnlyForDeploymentPostprocessing = 0;
		};
/* End PBXSourcesBuildPhase section */

/* Begin PBXTargetDependency section */
		2BF3C30225D44F040092570C /* PBXTargetDependency */ = {
			isa = PBXTargetDependency;
			target = 2BF3C2E925D44F030092570C /* Flix */;
			targetProxy = 2BF3C30125D44F040092570C /* PBXContainerItemProxy */;
		};
		2BF3C30D25D44F040092570C /* PBXTargetDependency */ = {
			isa = PBXTargetDependency;
			target = 2BF3C2E925D44F030092570C /* Flix */;
			targetProxy = 2BF3C30C25D44F040092570C /* PBXContainerItemProxy */;
		};
/* End PBXTargetDependency section */

/* Begin PBXVariantGroup section */
		2BF3C2F325D44F030092570C /* Main.storyboard */ = {
			isa = PBXVariantGroup;
			children = (
				2BF3C2F425D44F030092570C /* Base */,
			);
			name = Main.storyboard;
			sourceTree = "<group>";
		};
		2BF3C2F825D44F040092570C /* LaunchScreen.storyboard */ = {
			isa = PBXVariantGroup;
			children = (
				2BF3C2F925D44F040092570C /* Base */,
			);
			name = LaunchScreen.storyboard;
			sourceTree = "<group>";
		};
/* End PBXVariantGroup section */

/* Begin XCBuildConfiguration section */
		2BF3C31225D44F040092570C /* Debug */ = {
			isa = XCBuildConfiguration;
			buildSettings = {
				ALWAYS_SEARCH_USER_PATHS = NO;
				CLANG_ANALYZER_NONNULL = YES;
				CLANG_ANALYZER_NUMBER_OBJECT_CONVERSION = YES_AGGRESSIVE;
				CLANG_CXX_LANGUAGE_STANDARD = "gnu++14";
				CLANG_CXX_LIBRARY = "libc++";
				CLANG_ENABLE_MODULES = YES;
				CLANG_ENABLE_OBJC_ARC = YES;
				CLANG_ENABLE_OBJC_WEAK = YES;
				CLANG_WARN_BLOCK_CAPTURE_AUTORELEASING = YES;
				CLANG_WARN_BOOL_CONVERSION = YES;
				CLANG_WARN_COMMA = YES;
				CLANG_WARN_CONSTANT_CONVERSION = YES;
				CLANG_WARN_DEPRECATED_OBJC_IMPLEMENTATIONS = YES;
				CLANG_WARN_DIRECT_OBJC_ISA_USAGE = YES_ERROR;
				CLANG_WARN_DOCUMENTATION_COMMENTS = YES;
				CLANG_WARN_EMPTY_BODY = YES;
				CLANG_WARN_ENUM_CONVERSION = YES;
				CLANG_WARN_INFINITE_RECURSION = YES;
				CLANG_WARN_INT_CONVERSION = YES;
				CLANG_WARN_NON_LITERAL_NULL_CONVERSION = YES;
				CLANG_WARN_OBJC_IMPLICIT_RETAIN_SELF = YES;
				CLANG_WARN_OBJC_LITERAL_CONVERSION = YES;
				CLANG_WARN_OBJC_ROOT_CLASS = YES_ERROR;
				CLANG_WARN_QUOTED_INCLUDE_IN_FRAMEWORK_HEADER = YES;
				CLANG_WARN_RANGE_LOOP_ANALYSIS = YES;
				CLANG_WARN_STRICT_PROTOTYPES = YES;
				CLANG_WARN_SUSPICIOUS_MOVE = YES;
				CLANG_WARN_UNGUARDED_AVAILABILITY = YES_AGGRESSIVE;
				CLANG_WARN_UNREACHABLE_CODE = YES;
				CLANG_WARN__DUPLICATE_METHOD_MATCH = YES;
				COPY_PHASE_STRIP = NO;
				DEBUG_INFORMATION_FORMAT = dwarf;
				ENABLE_STRICT_OBJC_MSGSEND = YES;
				ENABLE_TESTABILITY = YES;
				GCC_C_LANGUAGE_STANDARD = gnu11;
				GCC_DYNAMIC_NO_PIC = NO;
				GCC_NO_COMMON_BLOCKS = YES;
				GCC_OPTIMIZATION_LEVEL = 0;
				GCC_PREPROCESSOR_DEFINITIONS = (
					"DEBUG=1",
					"$(inherited)",
				);
				GCC_WARN_64_TO_32_BIT_CONVERSION = YES;
				GCC_WARN_ABOUT_RETURN_TYPE = YES_ERROR;
				GCC_WARN_UNDECLARED_SELECTOR = YES;
				GCC_WARN_UNINITIALIZED_AUTOS = YES_AGGRESSIVE;
				GCC_WARN_UNUSED_FUNCTION = YES;
				GCC_WARN_UNUSED_VARIABLE = YES;
				IPHONEOS_DEPLOYMENT_TARGET = 14.4;
				MTL_ENABLE_DEBUG_INFO = INCLUDE_SOURCE;
				MTL_FAST_MATH = YES;
				ONLY_ACTIVE_ARCH = YES;
				SDKROOT = iphoneos;
				SWIFT_ACTIVE_COMPILATION_CONDITIONS = DEBUG;
				SWIFT_OPTIMIZATION_LEVEL = "-Onone";
			};
			name = Debug;
		};
		2BF3C31325D44F040092570C /* Release */ = {
			isa = XCBuildConfiguration;
			buildSettings = {
				ALWAYS_SEARCH_USER_PATHS = NO;
				CLANG_ANALYZER_NONNULL = YES;
				CLANG_ANALYZER_NUMBER_OBJECT_CONVERSION = YES_AGGRESSIVE;
				CLANG_CXX_LANGUAGE_STANDARD = "gnu++14";
				CLANG_CXX_LIBRARY = "libc++";
				CLANG_ENABLE_MODULES = YES;
				CLANG_ENABLE_OBJC_ARC = YES;
				CLANG_ENABLE_OBJC_WEAK = YES;
				CLANG_WARN_BLOCK_CAPTURE_AUTORELEASING = YES;
				CLANG_WARN_BOOL_CONVERSION = YES;
				CLANG_WARN_COMMA = YES;
				CLANG_WARN_CONSTANT_CONVERSION = YES;
				CLANG_WARN_DEPRECATED_OBJC_IMPLEMENTATIONS = YES;
				CLANG_WARN_DIRECT_OBJC_ISA_USAGE = YES_ERROR;
				CLANG_WARN_DOCUMENTATION_COMMENTS = YES;
				CLANG_WARN_EMPTY_BODY = YES;
				CLANG_WARN_ENUM_CONVERSION = YES;
				CLANG_WARN_INFINITE_RECURSION = YES;
				CLANG_WARN_INT_CONVERSION = YES;
				CLANG_WARN_NON_LITERAL_NULL_CONVERSION = YES;
				CLANG_WARN_OBJC_IMPLICIT_RETAIN_SELF = YES;
				CLANG_WARN_OBJC_LITERAL_CONVERSION = YES;
				CLANG_WARN_OBJC_ROOT_CLASS = YES_ERROR;
				CLANG_WARN_QUOTED_INCLUDE_IN_FRAMEWORK_HEADER = YES;
				CLANG_WARN_RANGE_LOOP_ANALYSIS = YES;
				CLANG_WARN_STRICT_PROTOTYPES = YES;
				CLANG_WARN_SUSPICIOUS_MOVE = YES;
				CLANG_WARN_UNGUARDED_AVAILABILITY = YES_AGGRESSIVE;
				CLANG_WARN_UNREACHABLE_CODE = YES;
				CLANG_WARN__DUPLICATE_METHOD_MATCH = YES;
				COPY_PHASE_STRIP = NO;
				DEBUG_INFORMATION_FORMAT = "dwarf-with-dsym";
				ENABLE_NS_ASSERTIONS = NO;
				ENABLE_STRICT_OBJC_MSGSEND = YES;
				GCC_C_LANGUAGE_STANDARD = gnu11;
				GCC_NO_COMMON_BLOCKS = YES;
				GCC_WARN_64_TO_32_BIT_CONVERSION = YES;
				GCC_WARN_ABOUT_RETURN_TYPE = YES_ERROR;
				GCC_WARN_UNDECLARED_SELECTOR = YES;
				GCC_WARN_UNINITIALIZED_AUTOS = YES_AGGRESSIVE;
				GCC_WARN_UNUSED_FUNCTION = YES;
				GCC_WARN_UNUSED_VARIABLE = YES;
				IPHONEOS_DEPLOYMENT_TARGET = 14.4;
				MTL_ENABLE_DEBUG_INFO = NO;
				MTL_FAST_MATH = YES;
				SDKROOT = iphoneos;
				SWIFT_COMPILATION_MODE = wholemodule;
				SWIFT_OPTIMIZATION_LEVEL = "-O";
				VALIDATE_PRODUCT = YES;
			};
			name = Release;
		};
		2BF3C31525D44F040092570C /* Debug */ = {
			isa = XCBuildConfiguration;
			baseConfigurationReference = A34A6FC58ED6BEC6D52573BA /* Pods-Flix.debug.xcconfig */;
			buildSettings = {
				ASSETCATALOG_COMPILER_APPICON_NAME = AppIcon;
				ASSETCATALOG_COMPILER_GLOBAL_ACCENT_COLOR_NAME = AccentColor;
				CODE_SIGN_STYLE = Automatic;
				DEVELOPMENT_TEAM = 3HV2NV35JQ;
				INFOPLIST_FILE = Flix/Info.plist;
				LD_RUNPATH_SEARCH_PATHS = (
					"$(inherited)",
					"@executable_path/Frameworks",
				);
				PRODUCT_BUNDLE_IDENTIFIER = "Shi-Tao-Luo.Flix";
				PRODUCT_NAME = "$(TARGET_NAME)";
				SWIFT_VERSION = 5.0;
				TARGETED_DEVICE_FAMILY = "1,2";
			};
			name = Debug;
		};
		2BF3C31625D44F040092570C /* Release */ = {
			isa = XCBuildConfiguration;
			baseConfigurationReference = 13E1A71B043AD42368877B59 /* Pods-Flix.release.xcconfig */;
			buildSettings = {
				ASSETCATALOG_COMPILER_APPICON_NAME = AppIcon;
				ASSETCATALOG_COMPILER_GLOBAL_ACCENT_COLOR_NAME = AccentColor;
				CODE_SIGN_STYLE = Automatic;
				DEVELOPMENT_TEAM = 3HV2NV35JQ;
				INFOPLIST_FILE = Flix/Info.plist;
				LD_RUNPATH_SEARCH_PATHS = (
					"$(inherited)",
					"@executable_path/Frameworks",
				);
				PRODUCT_BUNDLE_IDENTIFIER = "Shi-Tao-Luo.Flix";
				PRODUCT_NAME = "$(TARGET_NAME)";
				SWIFT_VERSION = 5.0;
				TARGETED_DEVICE_FAMILY = "1,2";
			};
			name = Release;
		};
		2BF3C31825D44F040092570C /* Debug */ = {
			isa = XCBuildConfiguration;
			baseConfigurationReference = 5A74E3AF3641055512D89D0A /* Pods-FlixTests.debug.xcconfig */;
			buildSettings = {
				BUNDLE_LOADER = "$(TEST_HOST)";
				CODE_SIGN_STYLE = Automatic;
				DEVELOPMENT_TEAM = 3HV2NV35JQ;
				INFOPLIST_FILE = FlixTests/Info.plist;
				IPHONEOS_DEPLOYMENT_TARGET = 14.4;
				LD_RUNPATH_SEARCH_PATHS = (
					"$(inherited)",
					"@executable_path/Frameworks",
					"@loader_path/Frameworks",
				);
				PRODUCT_BUNDLE_IDENTIFIER = "Shi-Tao-Luo.FlixTests";
				PRODUCT_NAME = "$(TARGET_NAME)";
				SWIFT_VERSION = 5.0;
				TARGETED_DEVICE_FAMILY = "1,2";
				TEST_HOST = "$(BUILT_PRODUCTS_DIR)/Flix.app/Flix";
			};
			name = Debug;
		};
		2BF3C31925D44F040092570C /* Release */ = {
			isa = XCBuildConfiguration;
			baseConfigurationReference = 2EC97A2CBF74E563FAC29ADA /* Pods-FlixTests.release.xcconfig */;
			buildSettings = {
				BUNDLE_LOADER = "$(TEST_HOST)";
				CODE_SIGN_STYLE = Automatic;
				DEVELOPMENT_TEAM = 3HV2NV35JQ;
				INFOPLIST_FILE = FlixTests/Info.plist;
				IPHONEOS_DEPLOYMENT_TARGET = 14.4;
				LD_RUNPATH_SEARCH_PATHS = (
					"$(inherited)",
					"@executable_path/Frameworks",
					"@loader_path/Frameworks",
				);
				PRODUCT_BUNDLE_IDENTIFIER = "Shi-Tao-Luo.FlixTests";
				PRODUCT_NAME = "$(TARGET_NAME)";
				SWIFT_VERSION = 5.0;
				TARGETED_DEVICE_FAMILY = "1,2";
				TEST_HOST = "$(BUILT_PRODUCTS_DIR)/Flix.app/Flix";
			};
			name = Release;
		};
		2BF3C31B25D44F040092570C /* Debug */ = {
			isa = XCBuildConfiguration;
			baseConfigurationReference = 989AFB46429EAF6E79456235 /* Pods-Flix-FlixUITests.debug.xcconfig */;
			buildSettings = {
				CODE_SIGN_STYLE = Automatic;
				DEVELOPMENT_TEAM = 3HV2NV35JQ;
				INFOPLIST_FILE = FlixUITests/Info.plist;
				LD_RUNPATH_SEARCH_PATHS = (
					"$(inherited)",
					"@executable_path/Frameworks",
					"@loader_path/Frameworks",
				);
				PRODUCT_BUNDLE_IDENTIFIER = "Shi-Tao-Luo.FlixUITests";
				PRODUCT_NAME = "$(TARGET_NAME)";
				SWIFT_VERSION = 5.0;
				TARGETED_DEVICE_FAMILY = "1,2";
				TEST_TARGET_NAME = Flix;
			};
			name = Debug;
		};
		2BF3C31C25D44F040092570C /* Release */ = {
			isa = XCBuildConfiguration;
			baseConfigurationReference = 48E188F1BA5D1F7642D4E8AD /* Pods-Flix-FlixUITests.release.xcconfig */;
			buildSettings = {
				CODE_SIGN_STYLE = Automatic;
				DEVELOPMENT_TEAM = 3HV2NV35JQ;
				INFOPLIST_FILE = FlixUITests/Info.plist;
				LD_RUNPATH_SEARCH_PATHS = (
					"$(inherited)",
					"@executable_path/Frameworks",
					"@loader_path/Frameworks",
				);
				PRODUCT_BUNDLE_IDENTIFIER = "Shi-Tao-Luo.FlixUITests";
				PRODUCT_NAME = "$(TARGET_NAME)";
				SWIFT_VERSION = 5.0;
				TARGETED_DEVICE_FAMILY = "1,2";
				TEST_TARGET_NAME = Flix;
			};
			name = Release;
		};
/* End XCBuildConfiguration section */

/* Begin XCConfigurationList section */
		2BF3C2E525D44F030092570C /* Build configuration list for PBXProject "Flix" */ = {
			isa = XCConfigurationList;
			buildConfigurations = (
				2BF3C31225D44F040092570C /* Debug */,
				2BF3C31325D44F040092570C /* Release */,
			);
			defaultConfigurationIsVisible = 0;
			defaultConfigurationName = Release;
		};
		2BF3C31425D44F040092570C /* Build configuration list for PBXNativeTarget "Flix" */ = {
			isa = XCConfigurationList;
			buildConfigurations = (
				2BF3C31525D44F040092570C /* Debug */,
				2BF3C31625D44F040092570C /* Release */,
			);
			defaultConfigurationIsVisible = 0;
			defaultConfigurationName = Release;
		};
		2BF3C31725D44F040092570C /* Build configuration list for PBXNativeTarget "FlixTests" */ = {
			isa = XCConfigurationList;
			buildConfigurations = (
				2BF3C31825D44F040092570C /* Debug */,
				2BF3C31925D44F040092570C /* Release */,
			);
			defaultConfigurationIsVisible = 0;
			defaultConfigurationName = Release;
		};
		2BF3C31A25D44F040092570C /* Build configuration list for PBXNativeTarget "FlixUITests" */ = {
			isa = XCConfigurationList;
			buildConfigurations = (
				2BF3C31B25D44F040092570C /* Debug */,
				2BF3C31C25D44F040092570C /* Release */,
			);
			defaultConfigurationIsVisible = 0;
			defaultConfigurationName = Release;
		};
/* End XCConfigurationList section */
	};
	rootObject = 2BF3C2E225D44F030092570C /* Project object */;
}
